// !$*UTF8*$!
{
	archiveVersion = 1;
	classes = {
	};
	objectVersion = 56;
	objects = {

/* Begin PBXBuildFile section */
		C0BD3FCA2DFCB800000D5096 /* SentialApp.swift in Sources */ = {isa = PBXBuildFile; fileRef = C0BD3FC92DFCB800000D5096 /* SentialApp.swift */; };
		C0BD3FCC2DFCB800000D5096 /* ContentView.swift in Sources */ = {isa = PBXBuildFile; fileRef = C0BD3FCB2DFCB800000D5096 /* ContentView.swift */; };
		C0BD3FCE2DFCB800000D5096 /* Item.swift in Sources */ = {isa = PBXBuildFile; fileRef = C0BD3FCD2DFCB800000D5096 /* Item.swift */; };
		C0BD3FD02DFCB808000D5096 /* Assets.xcassets in Resources */ = {isa = PBXBuildFile; fileRef = C0BD3FCF2DFCB808000D5096 /* Assets.xcassets */; };
		C0BD3FD32DFCB808000D5096 /* Preview Assets.xcassets in Resources */ = {isa = PBXBuildFile; fileRef = C0BD3FD22DFCB808000D5096 /* Preview Assets.xcassets */; };
		C0BD3FDD2DFCB809000D5096 /* SentialTests.swift in Sources */ = {isa = PBXBuildFile; fileRef = C0BD3FDC2DFCB809000D5096 /* SentialTests.swift */; };
		C0BD3FE72DFCB809000D5096 /* SentialUITests.swift in Sources */ = {isa = PBXBuildFile; fileRef = C0BD3FE62DFCB809000D5096 /* SentialUITests.swift */; };
		C0BD3FE92DFCB809000D5096 /* SentialUITestsLaunchTests.swift in Sources */ = {isa = PBXBuildFile; fileRef = C0BD3FE82DFCB809000D5096 /* SentialUITestsLaunchTests.swift */; };
		C0BD3FF62DFCBA1E000D5096 /* .gitignore in Resources */ = {isa = PBXBuildFile; fileRef = C0BD3FF52DFCBA1E000D5096 /* .gitignore */; };
		C0BD3FF82DFCC32C000D5096 /* Models.swift in Sources */ = {isa = PBXBuildFile; fileRef = C0BD3FF72DFCC32C000D5096 /* Models.swift */; };
		C0BD3FFA2DFCC356000D5096 /* LandingPage.swift in Sources */ = {isa = PBXBuildFile; fileRef = C0BD3FF92DFCC356000D5096 /* LandingPage.swift */; };
		C0BD3FFC2DFCC383000D5096 /* MainTabView.swift in Sources */ = {isa = PBXBuildFile; fileRef = C0BD3FFB2DFCC383000D5096 /* MainTabView.swift */; };
		C0BD3FFE2DFCC3A8000D5096 /* SettingsView.swift in Sources */ = {isa = PBXBuildFile; fileRef = C0BD3FFD2DFCC3A8000D5096 /* SettingsView.swift */; };
		C0BD40002DFCC3CC000D5096 /* ProgressView.swift in Sources */ = {isa = PBXBuildFile; fileRef = C0BD3FFF2DFCC3CC000D5096 /* ProgressView.swift */; };
		C0BD40022DFCC3E3000D5096 /* ChatView.swift in Sources */ = {isa = PBXBuildFile; fileRef = C0BD40012DFCC3E3000D5096 /* ChatView.swift */; };
		C0BD40072DFCC968000D5096 /* Config.swift in Sources */ = {isa = PBXBuildFile; fileRef = C0BD40062DFCC968000D5096 /* Config.swift */; };
		C0BD40442E01EAB3000D5096 /* Info.plist.example in Resources */ = {isa = PBXBuildFile; fileRef = C0BD40432E01EAB3000D5096 /* Info.plist.example */; };
/* End PBXBuildFile section */

/* Begin PBXContainerItemProxy section */
		C0BD3FD92DFCB809000D5096 /* PBXContainerItemProxy */ = {
			isa = PBXContainerItemProxy;
			containerPortal = C0BD3FBE2DFCB7FF000D5096 /* Project object */;
			proxyType = 1;
			remoteGlobalIDString = C0BD3FC52DFCB7FF000D5096;
			remoteInfo = Sential;
		};
		C0BD3FE32DFCB809000D5096 /* PBXContainerItemProxy */ = {
			isa = PBXContainerItemProxy;
			containerPortal = C0BD3FBE2DFCB7FF000D5096 /* Project object */;
			proxyType = 1;
			remoteGlobalIDString = C0BD3FC52DFCB7FF000D5096;
			remoteInfo = Sential;
		};
/* End PBXContainerItemProxy section */

/* Begin PBXFileReference section */
		C0BD3FC62DFCB800000D5096 /* Sential.app */ = {isa = PBXFileReference; explicitFileType = wrapper.application; includeInIndex = 0; path = Sential.app; sourceTree = BUILT_PRODUCTS_DIR; };
		C0BD3FC92DFCB800000D5096 /* SentialApp.swift */ = {isa = PBXFileReference; lastKnownFileType = sourcecode.swift; path = SentialApp.swift; sourceTree = "<group>"; };
		C0BD3FCB2DFCB800000D5096 /* ContentView.swift */ = {isa = PBXFileReference; lastKnownFileType = sourcecode.swift; path = ContentView.swift; sourceTree = "<group>"; };
		C0BD3FCD2DFCB800000D5096 /* Item.swift */ = {isa = PBXFileReference; lastKnownFileType = sourcecode.swift; path = Item.swift; sourceTree = "<group>"; };
		C0BD3FCF2DFCB808000D5096 /* Assets.xcassets */ = {isa = PBXFileReference; lastKnownFileType = folder.assetcatalog; path = Assets.xcassets; sourceTree = "<group>"; };
		C0BD3FD22DFCB808000D5096 /* Preview Assets.xcassets */ = {isa = PBXFileReference; lastKnownFileType = folder.assetcatalog; path = "Preview Assets.xcassets"; sourceTree = "<group>"; };
		C0BD3FD82DFCB809000D5096 /* SentialTests.xctest */ = {isa = PBXFileReference; explicitFileType = wrapper.cfbundle; includeInIndex = 0; path = SentialTests.xctest; sourceTree = BUILT_PRODUCTS_DIR; };
		C0BD3FDC2DFCB809000D5096 /* SentialTests.swift */ = {isa = PBXFileReference; lastKnownFileType = sourcecode.swift; path = SentialTests.swift; sourceTree = "<group>"; };
		C0BD3FE22DFCB809000D5096 /* SentialUITests.xctest */ = {isa = PBXFileReference; explicitFileType = wrapper.cfbundle; includeInIndex = 0; path = SentialUITests.xctest; sourceTree = BUILT_PRODUCTS_DIR; };
		C0BD3FE62DFCB809000D5096 /* SentialUITests.swift */ = {isa = PBXFileReference; lastKnownFileType = sourcecode.swift; path = SentialUITests.swift; sourceTree = "<group>"; };
		C0BD3FE82DFCB809000D5096 /* SentialUITestsLaunchTests.swift */ = {isa = PBXFileReference; lastKnownFileType = sourcecode.swift; path = SentialUITestsLaunchTests.swift; sourceTree = "<group>"; };
		C0BD3FF52DFCBA1E000D5096 /* .gitignore */ = {isa = PBXFileReference; fileEncoding = 4; lastKnownFileType = text; path = .gitignore; sourceTree = "<group>"; };
		C0BD3FF72DFCC32C000D5096 /* Models.swift */ = {isa = PBXFileReference; lastKnownFileType = sourcecode.swift; path = Models.swift; sourceTree = "<group>"; };
		C0BD3FF92DFCC356000D5096 /* LandingPage.swift */ = {isa = PBXFileReference; lastKnownFileType = sourcecode.swift; path = LandingPage.swift; sourceTree = "<group>"; };
		C0BD3FFB2DFCC383000D5096 /* MainTabView.swift */ = {isa = PBXFileReference; lastKnownFileType = sourcecode.swift; path = MainTabView.swift; sourceTree = "<group>"; };
		C0BD3FFD2DFCC3A8000D5096 /* SettingsView.swift */ = {isa = PBXFileReference; lastKnownFileType = sourcecode.swift; path = SettingsView.swift; sourceTree = "<group>"; };
		C0BD3FFF2DFCC3CC000D5096 /* ProgressView.swift */ = {isa = PBXFileReference; lastKnownFileType = sourcecode.swift; path = ProgressView.swift; sourceTree = "<group>"; };
		C0BD40012DFCC3E3000D5096 /* ChatView.swift */ = {isa = PBXFileReference; lastKnownFileType = sourcecode.swift; path = ChatView.swift; sourceTree = "<group>"; };
		C0BD40062DFCC968000D5096 /* Config.swift */ = {isa = PBXFileReference; lastKnownFileType = sourcecode.swift; path = Config.swift; sourceTree = "<group>"; };
		C0BD40082DFCCA61000D5096 /* Info.plist */ = {isa = PBXFileReference; lastKnownFileType = text.plist.xml; path = Info.plist; sourceTree = "<group>"; };
		C0BD40422E01E92F000D5096 /* README.md */ = {isa = PBXFileReference; lastKnownFileType = net.daringfireball.markdown; path = README.md; sourceTree = "<group>"; };
		C0BD40432E01EAB3000D5096 /* Info.plist.example */ = {isa = PBXFileReference; lastKnownFileType = text; path = Info.plist.example; sourceTree = "<group>"; };
/* End PBXFileReference section */

/* Begin PBXFrameworksBuildPhase section */
		C0BD3FC32DFCB7FF000D5096 /* Frameworks */ = {
			isa = PBXFrameworksBuildPhase;
			buildActionMask = 2147483647;
			files = (
			);
			runOnlyForDeploymentPostprocessing = 0;
		};
		C0BD3FD52DFCB809000D5096 /* Frameworks */ = {
			isa = PBXFrameworksBuildPhase;
			buildActionMask = 2147483647;
			files = (
			);
			runOnlyForDeploymentPostprocessing = 0;
		};
		C0BD3FDF2DFCB809000D5096 /* Frameworks */ = {
			isa = PBXFrameworksBuildPhase;
			buildActionMask = 2147483647;
			files = (
			);
			runOnlyForDeploymentPostprocessing = 0;
		};
/* End PBXFrameworksBuildPhase section */

/* Begin PBXGroup section */
		C0BD3FBD2DFCB7FF000D5096 = {
			isa = PBXGroup;
			children = (
				C0BD40432E01EAB3000D5096 /* Info.plist.example */,
				C0BD40422E01E92F000D5096 /* README.md */,
				C0BD40082DFCCA61000D5096 /* Info.plist */,
				C0BD3FF52DFCBA1E000D5096 /* .gitignore */,
				C0BD3FC82DFCB800000D5096 /* Sential */,
				C0BD3FDB2DFCB809000D5096 /* SentialTests */,
				C0BD3FE52DFCB809000D5096 /* SentialUITests */,
				C0BD3FC72DFCB800000D5096 /* Products */,
			);
			sourceTree = "<group>";
		};
		C0BD3FC72DFCB800000D5096 /* Products */ = {
			isa = PBXGroup;
			children = (
				C0BD3FC62DFCB800000D5096 /* Sential.app */,
				C0BD3FD82DFCB809000D5096 /* SentialTests.xctest */,
				C0BD3FE22DFCB809000D5096 /* SentialUITests.xctest */,
			);
			name = Products;
			sourceTree = "<group>";
		};
		C0BD3FC82DFCB800000D5096 /* Sential */ = {
			isa = PBXGroup;
			children = (
				C0BD3FC92DFCB800000D5096 /* SentialApp.swift */,
				C0BD3FCB2DFCB800000D5096 /* ContentView.swift */,
				C0BD3FCD2DFCB800000D5096 /* Item.swift */,
				C0BD3FCF2DFCB808000D5096 /* Assets.xcassets */,
				C0BD3FD12DFCB808000D5096 /* Preview Content */,
				C0BD3FF72DFCC32C000D5096 /* Models.swift */,
				C0BD3FF92DFCC356000D5096 /* LandingPage.swift */,
				C0BD3FFB2DFCC383000D5096 /* MainTabView.swift */,
				C0BD3FFD2DFCC3A8000D5096 /* SettingsView.swift */,
				C0BD3FFF2DFCC3CC000D5096 /* ProgressView.swift */,
				C0BD40012DFCC3E3000D5096 /* ChatView.swift */,
				C0BD40062DFCC968000D5096 /* Config.swift */,
			);
			path = Sential;
			sourceTree = "<group>";
		};
		C0BD3FD12DFCB808000D5096 /* Preview Content */ = {
			isa = PBXGroup;
			children = (
				C0BD3FD22DFCB808000D5096 /* Preview Assets.xcassets */,
			);
			path = "Preview Content";
			sourceTree = "<group>";
		};
		C0BD3FDB2DFCB809000D5096 /* SentialTests */ = {
			isa = PBXGroup;
			children = (
				C0BD3FDC2DFCB809000D5096 /* SentialTests.swift */,
			);
			path = SentialTests;
			sourceTree = "<group>";
		};
		C0BD3FE52DFCB809000D5096 /* SentialUITests */ = {
			isa = PBXGroup;
			children = (
				C0BD3FE62DFCB809000D5096 /* SentialUITests.swift */,
				C0BD3FE82DFCB809000D5096 /* SentialUITestsLaunchTests.swift */,
			);
			path = SentialUITests;
			sourceTree = "<group>";
		};
/* End PBXGroup section */

/* Begin PBXNativeTarget section */
		C0BD3FC52DFCB7FF000D5096 /* Sential */ = {
			isa = PBXNativeTarget;
			buildConfigurationList = C0BD3FEC2DFCB809000D5096 /* Build configuration list for PBXNativeTarget "Sential" */;
			buildPhases = (
				C0BD3FC22DFCB7FF000D5096 /* Sources */,
				C0BD3FC32DFCB7FF000D5096 /* Frameworks */,
				C0BD3FC42DFCB7FF000D5096 /* Resources */,
			);
			buildRules = (
			);
			dependencies = (
			);
			name = Sential;
			productName = Sential;
			productReference = C0BD3FC62DFCB800000D5096 /* Sential.app */;
			productType = "com.apple.product-type.application";
		};
		C0BD3FD72DFCB809000D5096 /* SentialTests */ = {
			isa = PBXNativeTarget;
			buildConfigurationList = C0BD3FEF2DFCB809000D5096 /* Build configuration list for PBXNativeTarget "SentialTests" */;
			buildPhases = (
				C0BD3FD42DFCB809000D5096 /* Sources */,
				C0BD3FD52DFCB809000D5096 /* Frameworks */,
				C0BD3FD62DFCB809000D5096 /* Resources */,
			);
			buildRules = (
			);
			dependencies = (
				C0BD3FDA2DFCB809000D5096 /* PBXTargetDependency */,
			);
			name = SentialTests;
			productName = SentialTests;
			productReference = C0BD3FD82DFCB809000D5096 /* SentialTests.xctest */;
			productType = "com.apple.product-type.bundle.unit-test";
		};
		C0BD3FE12DFCB809000D5096 /* SentialUITests */ = {
			isa = PBXNativeTarget;
			buildConfigurationList = C0BD3FF22DFCB809000D5096 /* Build configuration list for PBXNativeTarget "SentialUITests" */;
			buildPhases = (
				C0BD3FDE2DFCB809000D5096 /* Sources */,
				C0BD3FDF2DFCB809000D5096 /* Frameworks */,
				C0BD3FE02DFCB809000D5096 /* Resources */,
			);
			buildRules = (
			);
			dependencies = (
				C0BD3FE42DFCB809000D5096 /* PBXTargetDependency */,
			);
			name = SentialUITests;
			productName = SentialUITests;
			productReference = C0BD3FE22DFCB809000D5096 /* SentialUITests.xctest */;
			productType = "com.apple.product-type.bundle.ui-testing";
		};
/* End PBXNativeTarget section */

/* Begin PBXProject section */
		C0BD3FBE2DFCB7FF000D5096 /* Project object */ = {
			isa = PBXProject;
			attributes = {
				BuildIndependentTargetsInParallel = 1;
				LastSwiftUpdateCheck = 1520;
				LastUpgradeCheck = 1520;
				TargetAttributes = {
					C0BD3FC52DFCB7FF000D5096 = {
						CreatedOnToolsVersion = 15.2;
					};
					C0BD3FD72DFCB809000D5096 = {
						CreatedOnToolsVersion = 15.2;
						TestTargetID = C0BD3FC52DFCB7FF000D5096;
					};
					C0BD3FE12DFCB809000D5096 = {
						CreatedOnToolsVersion = 15.2;
						TestTargetID = C0BD3FC52DFCB7FF000D5096;
					};
				};
			};
			buildConfigurationList = C0BD3FC12DFCB7FF000D5096 /* Build configuration list for PBXProject "Sential" */;
			compatibilityVersion = "Xcode 14.0";
			developmentRegion = en;
			hasScannedForEncodings = 0;
			knownRegions = (
				en,
				Base,
			);
			mainGroup = C0BD3FBD2DFCB7FF000D5096;
			packageReferences = (
			);
			productRefGroup = C0BD3FC72DFCB800000D5096 /* Products */;
			projectDirPath = "";
			projectRoot = "";
			targets = (
				C0BD3FC52DFCB7FF000D5096 /* Sential */,
				C0BD3FD72DFCB809000D5096 /* SentialTests */,
				C0BD3FE12DFCB809000D5096 /* SentialUITests */,
			);
		};
/* End PBXProject section */

/* Begin PBXResourcesBuildPhase section */
		C0BD3FC42DFCB7FF000D5096 /* Resources */ = {
			isa = PBXResourcesBuildPhase;
			buildActionMask = 2147483647;
			files = (
				C0BD3FD32DFCB808000D5096 /* Preview Assets.xcassets in Resources */,
				C0BD3FF62DFCBA1E000D5096 /* .gitignore in Resources */,
				C0BD40442E01EAB3000D5096 /* Info.plist.example in Resources */,
				C0BD3FD02DFCB808000D5096 /* Assets.xcassets in Resources */,
			);
			runOnlyForDeploymentPostprocessing = 0;
		};
		C0BD3FD62DFCB809000D5096 /* Resources */ = {
			isa = PBXResourcesBuildPhase;
			buildActionMask = 2147483647;
			files = (
			);
			runOnlyForDeploymentPostprocessing = 0;
		};
		C0BD3FE02DFCB809000D5096 /* Resources */ = {
			isa = PBXResourcesBuildPhase;
			buildActionMask = 2147483647;
			files = (
			);
			runOnlyForDeploymentPostprocessing = 0;
		};
/* End PBXResourcesBuildPhase section */

/* Begin PBXSourcesBuildPhase section */
		C0BD3FC22DFCB7FF000D5096 /* Sources */ = {
			isa = PBXSourcesBuildPhase;
			buildActionMask = 2147483647;
			files = (
				C0BD3FFE2DFCC3A8000D5096 /* SettingsView.swift in Sources */,
				C0BD3FCC2DFCB800000D5096 /* ContentView.swift in Sources */,
				C0BD3FFA2DFCC356000D5096 /* LandingPage.swift in Sources */,
				C0BD3FCE2DFCB800000D5096 /* Item.swift in Sources */,
				C0BD40022DFCC3E3000D5096 /* ChatView.swift in Sources */,
				C0BD3FCA2DFCB800000D5096 /* SentialApp.swift in Sources */,
				C0BD40002DFCC3CC000D5096 /* ProgressView.swift in Sources */,
				C0BD40072DFCC968000D5096 /* Config.swift in Sources */,
				C0BD3FF82DFCC32C000D5096 /* Models.swift in Sources */,
				C0BD3FFC2DFCC383000D5096 /* MainTabView.swift in Sources */,
			);
			runOnlyForDeploymentPostprocessing = 0;
		};
		C0BD3FD42DFCB809000D5096 /* Sources */ = {
			isa = PBXSourcesBuildPhase;
			buildActionMask = 2147483647;
			files = (
				C0BD3FDD2DFCB809000D5096 /* SentialTests.swift in Sources */,
			);
			runOnlyForDeploymentPostprocessing = 0;
		};
		C0BD3FDE2DFCB809000D5096 /* Sources */ = {
			isa = PBXSourcesBuildPhase;
			buildActionMask = 2147483647;
			files = (
				C0BD3FE72DFCB809000D5096 /* SentialUITests.swift in Sources */,
				C0BD3FE92DFCB809000D5096 /* SentialUITestsLaunchTests.swift in Sources */,
			);
			runOnlyForDeploymentPostprocessing = 0;
		};
/* End PBXSourcesBuildPhase section */

/* Begin PBXTargetDependency section */
		C0BD3FDA2DFCB809000D5096 /* PBXTargetDependency */ = {
			isa = PBXTargetDependency;
			target = C0BD3FC52DFCB7FF000D5096 /* Sential */;
			targetProxy = C0BD3FD92DFCB809000D5096 /* PBXContainerItemProxy */;
		};
		C0BD3FE42DFCB809000D5096 /* PBXTargetDependency */ = {
			isa = PBXTargetDependency;
			target = C0BD3FC52DFCB7FF000D5096 /* Sential */;
			targetProxy = C0BD3FE32DFCB809000D5096 /* PBXContainerItemProxy */;
		};
/* End PBXTargetDependency section */

/* Begin XCBuildConfiguration section */
		C0BD3FEA2DFCB809000D5096 /* Debug */ = {
			isa = XCBuildConfiguration;
			buildSettings = {
				ALWAYS_SEARCH_USER_PATHS = NO;
				ASSETCATALOG_COMPILER_GENERATE_SWIFT_ASSET_SYMBOL_EXTENSIONS = YES;
				CLANG_ANALYZER_NONNULL = YES;
				CLANG_ANALYZER_NUMBER_OBJECT_CONVERSION = YES_AGGRESSIVE;
				CLANG_CXX_LANGUAGE_STANDARD = "gnu++20";
				CLANG_ENABLE_MODULES = YES;
				CLANG_ENABLE_OBJC_ARC = YES;
				CLANG_ENABLE_OBJC_WEAK = YES;
				CLANG_WARN_BLOCK_CAPTURE_AUTORELEASING = YES;
				CLANG_WARN_BOOL_CONVERSION = YES;
				CLANG_WARN_COMMA = YES;
				CLANG_WARN_CONSTANT_CONVERSION = YES;
				CLANG_WARN_DEPRECATED_OBJC_IMPLEMENTATIONS = YES;
				CLANG_WARN_DIRECT_OBJC_ISA_USAGE = YES_ERROR;
				CLANG_WARN_DOCUMENTATION_COMMENTS = YES;
				CLANG_WARN_EMPTY_BODY = YES;
				CLANG_WARN_ENUM_CONVERSION = YES;
				CLANG_WARN_INFINITE_RECURSION = YES;
				CLANG_WARN_INT_CONVERSION = YES;
				CLANG_WARN_NON_LITERAL_NULL_CONVERSION = YES;
				CLANG_WARN_OBJC_IMPLICIT_RETAIN_SELF = YES;
				CLANG_WARN_OBJC_LITERAL_CONVERSION = YES;
				CLANG_WARN_OBJC_ROOT_CLASS = YES_ERROR;
				CLANG_WARN_QUOTED_INCLUDE_IN_FRAMEWORK_HEADER = YES;
				CLANG_WARN_RANGE_LOOP_ANALYSIS = YES;
				CLANG_WARN_STRICT_PROTOTYPES = YES;
				CLANG_WARN_SUSPICIOUS_MOVE = YES;
				CLANG_WARN_UNGUARDED_AVAILABILITY = YES_AGGRESSIVE;
				CLANG_WARN_UNREACHABLE_CODE = YES;
				CLANG_WARN__DUPLICATE_METHOD_MATCH = YES;
				COPY_PHASE_STRIP = NO;
				DEBUG_INFORMATION_FORMAT = dwarf;
				ENABLE_STRICT_OBJC_MSGSEND = YES;
				ENABLE_TESTABILITY = YES;
				ENABLE_USER_SCRIPT_SANDBOXING = YES;
				GCC_C_LANGUAGE_STANDARD = gnu17;
				GCC_DYNAMIC_NO_PIC = NO;
				GCC_NO_COMMON_BLOCKS = YES;
				GCC_OPTIMIZATION_LEVEL = 0;
				GCC_PREPROCESSOR_DEFINITIONS = (
					"DEBUG=1",
					"$(inherited)",
				);
				GCC_WARN_64_TO_32_BIT_CONVERSION = YES;
				GCC_WARN_ABOUT_RETURN_TYPE = YES_ERROR;
				GCC_WARN_UNDECLARED_SELECTOR = YES;
				GCC_WARN_UNINITIALIZED_AUTOS = YES_AGGRESSIVE;
				GCC_WARN_UNUSED_FUNCTION = YES;
				GCC_WARN_UNUSED_VARIABLE = YES;
				INFOPLIST_FILE = "$(SRCROOT)/Info.plist";
				IPHONEOS_DEPLOYMENT_TARGET = 17.2;
				LOCALIZATION_PREFERS_STRING_CATALOGS = YES;
				MTL_ENABLE_DEBUG_INFO = INCLUDE_SOURCE;
				MTL_FAST_MATH = YES;
				ONLY_ACTIVE_ARCH = YES;
				SDKROOT = iphoneos;
				SWIFT_ACTIVE_COMPILATION_CONDITIONS = "DEBUG $(inherited)";
				SWIFT_OPTIMIZATION_LEVEL = "-Onone";
			};
			name = Debug;
		};
		C0BD3FEB2DFCB809000D5096 /* Release */ = {
			isa = XCBuildConfiguration;
			buildSettings = {
				ALWAYS_SEARCH_USER_PATHS = NO;
				ASSETCATALOG_COMPILER_GENERATE_SWIFT_ASSET_SYMBOL_EXTENSIONS = YES;
				CLANG_ANALYZER_NONNULL = YES;
				CLANG_ANALYZER_NUMBER_OBJECT_CONVERSION = YES_AGGRESSIVE;
				CLANG_CXX_LANGUAGE_STANDARD = "gnu++20";
				CLANG_ENABLE_MODULES = YES;
				CLANG_ENABLE_OBJC_ARC = YES;
				CLANG_ENABLE_OBJC_WEAK = YES;
				CLANG_WARN_BLOCK_CAPTURE_AUTORELEASING = YES;
				CLANG_WARN_BOOL_CONVERSION = YES;
				CLANG_WARN_COMMA = YES;
				CLANG_WARN_CONSTANT_CONVERSION = YES;
				CLANG_WARN_DEPRECATED_OBJC_IMPLEMENTATIONS = YES;
				CLANG_WARN_DIRECT_OBJC_ISA_USAGE = YES_ERROR;
				CLANG_WARN_DOCUMENTATION_COMMENTS = YES;
				CLANG_WARN_EMPTY_BODY = YES;
				CLANG_WARN_ENUM_CONVERSION = YES;
				CLANG_WARN_INFINITE_RECURSION = YES;
				CLANG_WARN_INT_CONVERSION = YES;
				CLANG_WARN_NON_LITERAL_NULL_CONVERSION = YES;
				CLANG_WARN_OBJC_IMPLICIT_RETAIN_SELF = YES;
				CLANG_WARN_OBJC_LITERAL_CONVERSION = YES;
				CLANG_WARN_OBJC_ROOT_CLASS = YES_ERROR;
				CLANG_WARN_QUOTED_INCLUDE_IN_FRAMEWORK_HEADER = YES;
				CLANG_WARN_RANGE_LOOP_ANALYSIS = YES;
				CLANG_WARN_STRICT_PROTOTYPES = YES;
				CLANG_WARN_SUSPICIOUS_MOVE = YES;
				CLANG_WARN_UNGUARDED_AVAILABILITY = YES_AGGRESSIVE;
				CLANG_WARN_UNREACHABLE_CODE = YES;
				CLANG_WARN__DUPLICATE_METHOD_MATCH = YES;
				COPY_PHASE_STRIP = NO;
				DEBUG_INFORMATION_FORMAT = "dwarf-with-dsym";
				ENABLE_NS_ASSERTIONS = NO;
				ENABLE_STRICT_OBJC_MSGSEND = YES;
				ENABLE_USER_SCRIPT_SANDBOXING = YES;
				GCC_C_LANGUAGE_STANDARD = gnu17;
				GCC_NO_COMMON_BLOCKS = YES;
				GCC_WARN_64_TO_32_BIT_CONVERSION = YES;
				GCC_WARN_ABOUT_RETURN_TYPE = YES_ERROR;
				GCC_WARN_UNDECLARED_SELECTOR = YES;
				GCC_WARN_UNINITIALIZED_AUTOS = YES_AGGRESSIVE;
				GCC_WARN_UNUSED_FUNCTION = YES;
				GCC_WARN_UNUSED_VARIABLE = YES;
				INFOPLIST_FILE = "$(SRCROOT)/Info.plist";
				IPHONEOS_DEPLOYMENT_TARGET = 17.2;
				LOCALIZATION_PREFERS_STRING_CATALOGS = YES;
				MTL_ENABLE_DEBUG_INFO = NO;
				MTL_FAST_MATH = YES;
				SDKROOT = iphoneos;
				SWIFT_COMPILATION_MODE = wholemodule;
				VALIDATE_PRODUCT = YES;
			};
			name = Release;
		};
		C0BD3FED2DFCB809000D5096 /* Debug */ = {
			isa = XCBuildConfiguration;
			buildSettings = {
				ASSETCATALOG_COMPILER_APPICON_NAME = AppIcon;
				ASSETCATALOG_COMPILER_GLOBAL_ACCENT_COLOR_NAME = AccentColor;
				CODE_SIGN_STYLE = Automatic;
				CURRENT_PROJECT_VERSION = 1;
				DEVELOPMENT_ASSET_PATHS = "\"Sential/Preview Content\"";
				DEVELOPMENT_TEAM = 5Z57N4GD6Y;
				ENABLE_PREVIEWS = YES;
				GENERATE_INFOPLIST_FILE = YES;
				INFOPLIST_KEY_UIApplicationSceneManifest_Generation = YES;
				INFOPLIST_KEY_UIApplicationSupportsIndirectInputEvents = YES;
				INFOPLIST_KEY_UILaunchScreen_Generation = YES;
				INFOPLIST_KEY_UISupportedInterfaceOrientations_iPad = "UIInterfaceOrientationPortrait UIInterfaceOrientationPortraitUpsideDown UIInterfaceOrientationLandscapeLeft UIInterfaceOrientationLandscapeRight";
				INFOPLIST_KEY_UISupportedInterfaceOrientations_iPhone = "UIInterfaceOrientationPortrait UIInterfaceOrientationLandscapeLeft UIInterfaceOrientationLandscapeRight";
				LD_RUNPATH_SEARCH_PATHS = (
					"$(inherited)",
					"@executable_path/Frameworks",
				);
				MARKETING_VERSION = 1.0;
				PRODUCT_BUNDLE_IDENTIFIER = com.remingtonsteele.Sential;
				PRODUCT_NAME = "$(TARGET_NAME)";
				SWIFT_EMIT_LOC_STRINGS = YES;
				SWIFT_VERSION = 5.0;
				TARGETED_DEVICE_FAMILY = "1,2";
			};
			name = Debug;
		};
		C0BD3FEE2DFCB809000D5096 /* Release */ = {
			isa = XCBuildConfiguration;
			buildSettings = {
				ASSETCATALOG_COMPILER_APPICON_NAME = AppIcon;
				ASSETCATALOG_COMPILER_GLOBAL_ACCENT_COLOR_NAME = AccentColor;
				CODE_SIGN_STYLE = Automatic;
				CURRENT_PROJECT_VERSION = 1;
				DEVELOPMENT_ASSET_PATHS = "\"Sential/Preview Content\"";
				DEVELOPMENT_TEAM = 5Z57N4GD6Y;
				ENABLE_PREVIEWS = YES;
				GENERATE_INFOPLIST_FILE = YES;
				INFOPLIST_KEY_UIApplicationSceneManifest_Generation = YES;
				INFOPLIST_KEY_UIApplicationSupportsIndirectInputEvents = YES;
				INFOPLIST_KEY_UILaunchScreen_Generation = YES;
				INFOPLIST_KEY_UISupportedInterfaceOrientations_iPad = "UIInterfaceOrientationPortrait UIInterfaceOrientationPortraitUpsideDown UIInterfaceOrientationLandscapeLeft UIInterfaceOrientationLandscapeRight";
				INFOPLIST_KEY_UISupportedInterfaceOrientations_iPhone = "UIInterfaceOrientationPortrait UIInterfaceOrientationLandscapeLeft UIInterfaceOrientationLandscapeRight";
				LD_RUNPATH_SEARCH_PATHS = (
					"$(inherited)",
					"@executable_path/Frameworks",
				);
				MARKETING_VERSION = 1.0;
				PRODUCT_BUNDLE_IDENTIFIER = com.remingtonsteele.Sential;
				PRODUCT_NAME = "$(TARGET_NAME)";
				SWIFT_EMIT_LOC_STRINGS = YES;
				SWIFT_VERSION = 5.0;
				TARGETED_DEVICE_FAMILY = "1,2";
			};
			name = Release;
		};
		C0BD3FF02DFCB809000D5096 /* Debug */ = {
			isa = XCBuildConfiguration;
			buildSettings = {
				ALWAYS_EMBED_SWIFT_STANDARD_LIBRARIES = YES;
				BUNDLE_LOADER = "$(TEST_HOST)";
				CODE_SIGN_STYLE = Automatic;
				CURRENT_PROJECT_VERSION = 1;
				DEVELOPMENT_TEAM = 5Z57N4GD6Y;
				GENERATE_INFOPLIST_FILE = YES;
				IPHONEOS_DEPLOYMENT_TARGET = 17.2;
				MARKETING_VERSION = 1.0;
				PRODUCT_BUNDLE_IDENTIFIER = com.remingtonsteele.SentialTests;
				PRODUCT_NAME = "$(TARGET_NAME)";
				SWIFT_EMIT_LOC_STRINGS = NO;
				SWIFT_VERSION = 5.0;
				TARGETED_DEVICE_FAMILY = "1,2";
				TEST_HOST = "$(BUILT_PRODUCTS_DIR)/Sential.app/$(BUNDLE_EXECUTABLE_FOLDER_PATH)/Sential";
			};
			name = Debug;
		};
		C0BD3FF12DFCB809000D5096 /* Release */ = {
			isa = XCBuildConfiguration;
			buildSettings = {
				ALWAYS_EMBED_SWIFT_STANDARD_LIBRARIES = YES;
				BUNDLE_LOADER = "$(TEST_HOST)";
				CODE_SIGN_STYLE = Automatic;
				CURRENT_PROJECT_VERSION = 1;
				DEVELOPMENT_TEAM = 5Z57N4GD6Y;
				GENERATE_INFOPLIST_FILE = YES;
				IPHONEOS_DEPLOYMENT_TARGET = 17.2;
				MARKETING_VERSION = 1.0;
				PRODUCT_BUNDLE_IDENTIFIER = com.remingtonsteele.SentialTests;
				PRODUCT_NAME = "$(TARGET_NAME)";
				SWIFT_EMIT_LOC_STRINGS = NO;
				SWIFT_VERSION = 5.0;
				TARGETED_DEVICE_FAMILY = "1,2";
				TEST_HOST = "$(BUILT_PRODUCTS_DIR)/Sential.app/$(BUNDLE_EXECUTABLE_FOLDER_PATH)/Sential";
			};
			name = Release;
		};
		C0BD3FF32DFCB809000D5096 /* Debug */ = {
			isa = XCBuildConfiguration;
			buildSettings = {
				ALWAYS_EMBED_SWIFT_STANDARD_LIBRARIES = YES;
				CODE_SIGN_STYLE = Automatic;
				CURRENT_PROJECT_VERSION = 1;
				DEVELOPMENT_TEAM = 5Z57N4GD6Y;
				GENERATE_INFOPLIST_FILE = YES;
				MARKETING_VERSION = 1.0;
				PRODUCT_BUNDLE_IDENTIFIER = com.remingtonsteele.SentialUITests;
				PRODUCT_NAME = "$(TARGET_NAME)";
				SWIFT_EMIT_LOC_STRINGS = NO;
				SWIFT_VERSION = 5.0;
				TARGETED_DEVICE_FAMILY = "1,2";
				TEST_TARGET_NAME = Sential;
			};
			name = Debug;
		};
		C0BD3FF42DFCB809000D5096 /* Release */ = {
			isa = XCBuildConfiguration;
			buildSettings = {
				ALWAYS_EMBED_SWIFT_STANDARD_LIBRARIES = YES;
				CODE_SIGN_STYLE = Automatic;
				CURRENT_PROJECT_VERSION = 1;
				DEVELOPMENT_TEAM = 5Z57N4GD6Y;
				GENERATE_INFOPLIST_FILE = YES;
				MARKETING_VERSION = 1.0;
				PRODUCT_BUNDLE_IDENTIFIER = com.remingtonsteele.SentialUITests;
				PRODUCT_NAME = "$(TARGET_NAME)";
				SWIFT_EMIT_LOC_STRINGS = NO;
				SWIFT_VERSION = 5.0;
				TARGETED_DEVICE_FAMILY = "1,2";
				TEST_TARGET_NAME = Sential;
			};
			name = Release;
		};
/* End XCBuildConfiguration section */

/* Begin XCConfigurationList section */
		C0BD3FC12DFCB7FF000D5096 /* Build configuration list for PBXProject "Sential" */ = {
			isa = XCConfigurationList;
			buildConfigurations = (
				C0BD3FEA2DFCB809000D5096 /* Debug */,
				C0BD3FEB2DFCB809000D5096 /* Release */,
			);
			defaultConfigurationIsVisible = 0;
			defaultConfigurationName = Release;
		};
		C0BD3FEC2DFCB809000D5096 /* Build configuration list for PBXNativeTarget "Sential" */ = {
			isa = XCConfigurationList;
			buildConfigurations = (
				C0BD3FED2DFCB809000D5096 /* Debug */,
				C0BD3FEE2DFCB809000D5096 /* Release */,
			);
			defaultConfigurationIsVisible = 0;
			defaultConfigurationName = Release;
		};
		C0BD3FEF2DFCB809000D5096 /* Build configuration list for PBXNativeTarget "SentialTests" */ = {
			isa = XCConfigurationList;
			buildConfigurations = (
				C0BD3FF02DFCB809000D5096 /* Debug */,
				C0BD3FF12DFCB809000D5096 /* Release */,
			);
			defaultConfigurationIsVisible = 0;
			defaultConfigurationName = Release;
		};
		C0BD3FF22DFCB809000D5096 /* Build configuration list for PBXNativeTarget "SentialUITests" */ = {
			isa = XCConfigurationList;
			buildConfigurations = (
				C0BD3FF32DFCB809000D5096 /* Debug */,
				C0BD3FF42DFCB809000D5096 /* Release */,
			);
			defaultConfigurationIsVisible = 0;
			defaultConfigurationName = Release;
		};
/* End XCConfigurationList section */
	};
	rootObject = C0BD3FBE2DFCB7FF000D5096 /* Project object */;
}
